
Microsoft Visual Studio Solution File, Format Version 12.00
# Visual Studio 14
VisualStudioVersion = 14.0.23107.0
MinimumVisualStudioVersion = 10.0.40219.1
Project("{FAE04EC0-301F-11D3-BF4B-00C04F79EFBC}") = "Fridge.Api", "Fridge.Api\Fridge.Api.csproj", "{9FEB764A-B996-4043-ADBF-9BABF96EF3B7}"
EndProject
Project("{FAE04EC0-301F-11D3-BF4B-00C04F79EFBC}") = "Fridge.Data", "Fridge.Data\Fridge.Data.csproj", "{EA82E0E1-0B67-49AB-9146-416A22EB34D8}"
EndProject
Project("{FAE04EC0-301F-11D3-BF4B-00C04F79EFBC}") = "Fridge.Models", "Fridge.Models\Fridge.Models.csproj", "{422968AA-8827-4B3E-8B20-D57A6922B630}"
EndProject
Project("{FAE04EC0-301F-11D3-BF4B-00C04F79EFBC}") = "Fridge.WebClient", "Fridge.WebClient\Fridge.WebClient.csproj", "{EC3C5C1F-3933-4A93-9EFF-85962896DCFC}"
EndProject
Project("{FAE04EC0-301F-11D3-BF4B-00C04F79EFBC}") = "Fridge.Common", "Fridge.Common\Fridge.Common.csproj", "{E6A7C55C-C9A0-4C90-88C6-87682BCDEDE3}"
EndProject
Global
	GlobalSection(SolutionConfigurationPlatforms) = preSolution
		Debug|Any CPU = Debug|Any CPU
		Release|Any CPU = Release|Any CPU
	EndGlobalSection
	GlobalSection(ProjectConfigurationPlatforms) = postSolution
		{9FEB764A-B996-4043-ADBF-9BABF96EF3B7}.Debug|Any CPU.ActiveCfg = Debug|Any CPU
		{9FEB764A-B996-4043-ADBF-9BABF96EF3B7}.Debug|Any CPU.Build.0 = Debug|Any CPU
		{9FEB764A-B996-4043-ADBF-9BABF96EF3B7}.Release|Any CPU.ActiveCfg = Release|Any CPU
		{9FEB764A-B996-4043-ADBF-9BABF96EF3B7}.Release|Any CPU.Build.0 = Release|Any CPU
		{EA82E0E1-0B67-49AB-9146-416A22EB34D8}.Debug|Any CPU.ActiveCfg = Debug|Any CPU
		{EA82E0E1-0B67-49AB-9146-416A22EB34D8}.Debug|Any CPU.Build.0 = Debug|Any CPU
		{EA82E0E1-0B67-49AB-9146-416A22EB34D8}.Release|Any CPU.ActiveCfg = Release|Any CPU
		{EA82E0E1-0B67-49AB-9146-416A22EB34D8}.Release|Any CPU.Build.0 = Release|Any CPU
		{422968AA-8827-4B3E-8B20-D57A6922B630}.Debug|Any CPU.ActiveCfg = Debug|Any CPU
		{422968AA-8827-4B3E-8B20-D57A6922B630}.Debug|Any CPU.Build.0 = Debug|Any CPU
		{422968AA-8827-4B3E-8B20-D57A6922B630}.Release|Any CPU.ActiveCfg = Release|Any CPU
		{422968AA-8827-4B3E-8B20-D57A6922B630}.Release|Any CPU.Build.0 = Release|Any CPU
		{EC3C5C1F-3933-4A93-9EFF-85962896DCFC}.Debug|Any CPU.ActiveCfg = Debug|Any CPU
		{EC3C5C1F-3933-4A93-9EFF-85962896DCFC}.Debug|Any CPU.Build.0 = Debug|Any CPU
		{EC3C5C1F-3933-4A93-9EFF-85962896DCFC}.Release|Any CPU.ActiveCfg = Release|Any CPU
		{EC3C5C1F-3933-4A93-9EFF-85962896DCFC}.Release|Any CPU.Build.0 = Release|Any CPU
		{E6A7C55C-C9A0-4C90-88C6-87682BCDEDE3}.Debug|Any CPU.ActiveCfg = Debug|Any CPU
		{E6A7C55C-C9A0-4C90-88C6-87682BCDEDE3}.Debug|Any CPU.Build.0 = Debug|Any CPU
		{E6A7C55C-C9A0-4C90-88C6-87682BCDEDE3}.Release|Any CPU.ActiveCfg = Release|Any CPU
		{E6A7C55C-C9A0-4C90-88C6-87682BCDEDE3}.Release|Any CPU.Build.0 = Release|Any CPU
	EndGlobalSection
	GlobalSection(SolutionProperties) = preSolution
		HideSolutionNode = FALSE
	EndGlobalSection
EndGlobal
